// !$*UTF8*$!
{
	archiveVersion = 1;
	classes = {
	};
	objectVersion = 56;
	objects = {

/* Begin PBXBuildFile section */
		0E1701CA2D54747B0011122B /* Contract.swift in Sources */ = {isa = PBXBuildFile; fileRef = 0E1701C92D54747B0011122B /* Contract.swift */; };
		0EE750342D5188E200C155FD /* AgiotaAppApp.swift in Sources */ = {isa = PBXBuildFile; fileRef = 0EE750332D5188E200C155FD /* AgiotaAppApp.swift */; };
		0EE750362D5188E200C155FD /* HomeView.swift in Sources */ = {isa = PBXBuildFile; fileRef = 0EE750352D5188E200C155FD /* HomeView.swift */; };
		0EE750382D5188E300C155FD /* Assets.xcassets in Resources */ = {isa = PBXBuildFile; fileRef = 0EE750372D5188E300C155FD /* Assets.xcassets */; };
		0EE7503C2D5188E300C155FD /* Preview Assets.xcassets in Resources */ = {isa = PBXBuildFile; fileRef = 0EE7503B2D5188E300C155FD /* Preview Assets.xcassets */; };
		0EE750462D518AA500C155FD /* DashboardView.swift in Sources */ = {isa = PBXBuildFile; fileRef = 0EE750452D518AA500C155FD /* DashboardView.swift */; };
		0EE750482D518B6D00C155FD /* NewContractView.swift in Sources */ = {isa = PBXBuildFile; fileRef = 0EE750472D518B6D00C155FD /* NewContractView.swift */; };
		0EE7504A2D518C1800C155FD /* BillingView.swift in Sources */ = {isa = PBXBuildFile; fileRef = 0EE750492D518C1800C155FD /* BillingView.swift */; };
		0EE7504C2D518C9600C155FD /* ContractListView.swift in Sources */ = {isa = PBXBuildFile; fileRef = 0EE7504B2D518C9600C155FD /* ContractListView.swift */; };
		0EE7504E2D5194E200C155FD /* NewContractViewModel.swift in Sources */ = {isa = PBXBuildFile; fileRef = 0EE7504D2D5194E200C155FD /* NewContractViewModel.swift */; };
		0EE750502D51966300C155FD /* HomeViewModel.swift in Sources */ = {isa = PBXBuildFile; fileRef = 0EE7504F2D51966300C155FD /* HomeViewModel.swift */; };
		0EE750522D51998500C155FD /* Recurrence.swift in Sources */ = {isa = PBXBuildFile; fileRef = 0EE750512D51998500C155FD /* Recurrence.swift */; };
/* End PBXBuildFile section */

/* Begin PBXFileReference section */
		0E1701C92D54747B0011122B /* Contract.swift */ = {isa = PBXFileReference; fileEncoding = 4; lastKnownFileType = sourcecode.swift; path = Contract.swift; sourceTree = "<group>"; };
		0EE750302D5188E200C155FD /* AgiotaApp.app */ = {isa = PBXFileReference; explicitFileType = wrapper.application; includeInIndex = 0; path = AgiotaApp.app; sourceTree = BUILT_PRODUCTS_DIR; };
		0EE750332D5188E200C155FD /* AgiotaAppApp.swift */ = {isa = PBXFileReference; lastKnownFileType = sourcecode.swift; path = AgiotaAppApp.swift; sourceTree = "<group>"; };
		0EE750352D5188E200C155FD /* HomeView.swift */ = {isa = PBXFileReference; lastKnownFileType = sourcecode.swift; path = HomeView.swift; sourceTree = "<group>"; };
		0EE750372D5188E300C155FD /* Assets.xcassets */ = {isa = PBXFileReference; lastKnownFileType = folder.assetcatalog; path = Assets.xcassets; sourceTree = "<group>"; };
		0EE750392D5188E300C155FD /* AgiotaApp.entitlements */ = {isa = PBXFileReference; lastKnownFileType = text.plist.entitlements; path = AgiotaApp.entitlements; sourceTree = "<group>"; };
		0EE7503B2D5188E300C155FD /* Preview Assets.xcassets */ = {isa = PBXFileReference; lastKnownFileType = folder.assetcatalog; path = "Preview Assets.xcassets"; sourceTree = "<group>"; };
		0EE750452D518AA500C155FD /* DashboardView.swift */ = {isa = PBXFileReference; lastKnownFileType = sourcecode.swift; path = DashboardView.swift; sourceTree = "<group>"; };
		0EE750472D518B6D00C155FD /* NewContractView.swift */ = {isa = PBXFileReference; lastKnownFileType = sourcecode.swift; path = NewContractView.swift; sourceTree = "<group>"; };
		0EE750492D518C1800C155FD /* BillingView.swift */ = {isa = PBXFileReference; lastKnownFileType = sourcecode.swift; path = BillingView.swift; sourceTree = "<group>"; };
		0EE7504B2D518C9600C155FD /* ContractListView.swift */ = {isa = PBXFileReference; lastKnownFileType = sourcecode.swift; path = ContractListView.swift; sourceTree = "<group>"; };
		0EE7504D2D5194E200C155FD /* NewContractViewModel.swift */ = {isa = PBXFileReference; lastKnownFileType = sourcecode.swift; path = NewContractViewModel.swift; sourceTree = "<group>"; };
		0EE7504F2D51966300C155FD /* HomeViewModel.swift */ = {isa = PBXFileReference; lastKnownFileType = sourcecode.swift; path = HomeViewModel.swift; sourceTree = "<group>"; };
		0EE750512D51998500C155FD /* Recurrence.swift */ = {isa = PBXFileReference; lastKnownFileType = sourcecode.swift; path = Recurrence.swift; sourceTree = "<group>"; };
/* End PBXFileReference section */

/* Begin PBXFrameworksBuildPhase section */
		0EE7502D2D5188E200C155FD /* Frameworks */ = {
			isa = PBXFrameworksBuildPhase;
			buildActionMask = 2147483647;
			files = (
			);
			runOnlyForDeploymentPostprocessing = 0;
		};
/* End PBXFrameworksBuildPhase section */

/* Begin PBXGroup section */
		0EE750272D5188E200C155FD = {
			isa = PBXGroup;
			children = (
				0EE750322D5188E200C155FD /* AgiotaApp */,
				0EE750312D5188E200C155FD /* Products */,
			);
			sourceTree = "<group>";
		};
		0EE750312D5188E200C155FD /* Products */ = {
			isa = PBXGroup;
			children = (
				0EE750302D5188E200C155FD /* AgiotaApp.app */,
			);
			name = Products;
			sourceTree = "<group>";
		};
		0EE750322D5188E200C155FD /* AgiotaApp */ = {
			isa = PBXGroup;
			children = (
				0EE750442D5189B600C155FD /* ViewModels */,
				0EE750432D5189AB00C155FD /* Views */,
				0EE750422D5189A700C155FD /* Models */,
				0EE750332D5188E200C155FD /* AgiotaAppApp.swift */,
				0EE750372D5188E300C155FD /* Assets.xcassets */,
				0EE750392D5188E300C155FD /* AgiotaApp.entitlements */,
				0EE7503A2D5188E300C155FD /* Preview Content */,
			);
			path = AgiotaApp;
			sourceTree = "<group>";
		};
		0EE7503A2D5188E300C155FD /* Preview Content */ = {
			isa = PBXGroup;
			children = (
				0EE7503B2D5188E300C155FD /* Preview Assets.xcassets */,
			);
			path = "Preview Content";
			sourceTree = "<group>";
		};
		0EE750422D5189A700C155FD /* Models */ = {
			isa = PBXGroup;
			children = (
				0E1701C92D54747B0011122B /* Contract.swift */,
				0EE750512D51998500C155FD /* Recurrence.swift */,
			);
			path = Models;
			sourceTree = "<group>";
		};
		0EE750432D5189AB00C155FD /* Views */ = {
			isa = PBXGroup;
			children = (
				0EE750352D5188E200C155FD /* HomeView.swift */,
				0EE750452D518AA500C155FD /* DashboardView.swift */,
				0EE750472D518B6D00C155FD /* NewContractView.swift */,
				0EE750492D518C1800C155FD /* BillingView.swift */,
				0EE7504B2D518C9600C155FD /* ContractListView.swift */,
			);
			path = Views;
			sourceTree = "<group>";
		};
		0EE750442D5189B600C155FD /* ViewModels */ = {
			isa = PBXGroup;
			children = (
				0EE7504D2D5194E200C155FD /* NewContractViewModel.swift */,
				0EE7504F2D51966300C155FD /* HomeViewModel.swift */,
			);
			path = ViewModels;
			sourceTree = "<group>";
		};
/* End PBXGroup section */

/* Begin PBXNativeTarget section */
		0EE7502F2D5188E200C155FD /* AgiotaApp */ = {
			isa = PBXNativeTarget;
			buildConfigurationList = 0EE7503F2D5188E300C155FD /* Build configuration list for PBXNativeTarget "AgiotaApp" */;
			buildPhases = (
				0EE7502C2D5188E200C155FD /* Sources */,
				0EE7502D2D5188E200C155FD /* Frameworks */,
				0EE7502E2D5188E200C155FD /* Resources */,
			);
			buildRules = (
			);
			dependencies = (
			);
			name = AgiotaApp;
			productName = AgiotaApp;
			productReference = 0EE750302D5188E200C155FD /* AgiotaApp.app */;
			productType = "com.apple.product-type.application";
		};
/* End PBXNativeTarget section */

/* Begin PBXProject section */
		0EE750282D5188E200C155FD /* Project object */ = {
			isa = PBXProject;
			attributes = {
				BuildIndependentTargetsInParallel = 1;
				LastSwiftUpdateCheck = 1530;
				LastUpgradeCheck = 1530;
				TargetAttributes = {
					0EE7502F2D5188E200C155FD = {
						CreatedOnToolsVersion = 15.3;
					};
				};
			};
			buildConfigurationList = 0EE7502B2D5188E200C155FD /* Build configuration list for PBXProject "AgiotaApp" */;
			compatibilityVersion = "Xcode 14.0";
			developmentRegion = en;
			hasScannedForEncodings = 0;
			knownRegions = (
				en,
				Base,
			);
			mainGroup = 0EE750272D5188E200C155FD;
			productRefGroup = 0EE750312D5188E200C155FD /* Products */;
			projectDirPath = "";
			projectRoot = "";
			targets = (
				0EE7502F2D5188E200C155FD /* AgiotaApp */,
			);
		};
/* End PBXProject section */

/* Begin PBXResourcesBuildPhase section */
		0EE7502E2D5188E200C155FD /* Resources */ = {
			isa = PBXResourcesBuildPhase;
			buildActionMask = 2147483647;
			files = (
				0EE7503C2D5188E300C155FD /* Preview Assets.xcassets in Resources */,
				0EE750382D5188E300C155FD /* Assets.xcassets in Resources */,
			);
			runOnlyForDeploymentPostprocessing = 0;
		};
/* End PBXResourcesBuildPhase section */

/* Begin PBXSourcesBuildPhase section */
		0EE7502C2D5188E200C155FD /* Sources */ = {
			isa = PBXSourcesBuildPhase;
			buildActionMask = 2147483647;
			files = (
				0EE750362D5188E200C155FD /* HomeView.swift in Sources */,
				0EE750462D518AA500C155FD /* DashboardView.swift in Sources */,
				0EE7504E2D5194E200C155FD /* NewContractViewModel.swift in Sources */,
				0E1701CA2D54747B0011122B /* Contract.swift in Sources */,
				0EE750502D51966300C155FD /* HomeViewModel.swift in Sources */,
				0EE750482D518B6D00C155FD /* NewContractView.swift in Sources */,
				0EE750522D51998500C155FD /* Recurrence.swift in Sources */,
				0EE7504A2D518C1800C155FD /* BillingView.swift in Sources */,
				0EE7504C2D518C9600C155FD /* ContractListView.swift in Sources */,
				0EE750342D5188E200C155FD /* AgiotaAppApp.swift in Sources */,
			);
			runOnlyForDeploymentPostprocessing = 0;
		};
/* End PBXSourcesBuildPhase section */

/* Begin XCBuildConfiguration section */
		0EE7503D2D5188E300C155FD /* Debug */ = {
			isa = XCBuildConfiguration;
			buildSettings = {
				ALWAYS_SEARCH_USER_PATHS = NO;
				ASSETCATALOG_COMPILER_GENERATE_SWIFT_ASSET_SYMBOL_EXTENSIONS = YES;
				CLANG_ANALYZER_NONNULL = YES;
				CLANG_ANALYZER_NUMBER_OBJECT_CONVERSION = YES_AGGRESSIVE;
				CLANG_CXX_LANGUAGE_STANDARD = "gnu++20";
				CLANG_ENABLE_MODULES = YES;
				CLANG_ENABLE_OBJC_ARC = YES;
				CLANG_ENABLE_OBJC_WEAK = YES;
				CLANG_WARN_BLOCK_CAPTURE_AUTORELEASING = YES;
				CLANG_WARN_BOOL_CONVERSION = YES;
				CLANG_WARN_COMMA = YES;
				CLANG_WARN_CONSTANT_CONVERSION = YES;
				CLANG_WARN_DEPRECATED_OBJC_IMPLEMENTATIONS = YES;
				CLANG_WARN_DIRECT_OBJC_ISA_USAGE = YES_ERROR;
				CLANG_WARN_DOCUMENTATION_COMMENTS = YES;
				CLANG_WARN_EMPTY_BODY = YES;
				CLANG_WARN_ENUM_CONVERSION = YES;
				CLANG_WARN_INFINITE_RECURSION = YES;
				CLANG_WARN_INT_CONVERSION = YES;
				CLANG_WARN_NON_LITERAL_NULL_CONVERSION = YES;
				CLANG_WARN_OBJC_IMPLICIT_RETAIN_SELF = YES;
				CLANG_WARN_OBJC_LITERAL_CONVERSION = YES;
				CLANG_WARN_OBJC_ROOT_CLASS = YES_ERROR;
				CLANG_WARN_QUOTED_INCLUDE_IN_FRAMEWORK_HEADER = YES;
				CLANG_WARN_RANGE_LOOP_ANALYSIS = YES;
				CLANG_WARN_STRICT_PROTOTYPES = YES;
				CLANG_WARN_SUSPICIOUS_MOVE = YES;
				CLANG_WARN_UNGUARDED_AVAILABILITY = YES_AGGRESSIVE;
				CLANG_WARN_UNREACHABLE_CODE = YES;
				CLANG_WARN__DUPLICATE_METHOD_MATCH = YES;
				COPY_PHASE_STRIP = NO;
				DEBUG_INFORMATION_FORMAT = dwarf;
				ENABLE_STRICT_OBJC_MSGSEND = YES;
				ENABLE_TESTABILITY = YES;
				ENABLE_USER_SCRIPT_SANDBOXING = YES;
				GCC_C_LANGUAGE_STANDARD = gnu17;
				GCC_DYNAMIC_NO_PIC = NO;
				GCC_NO_COMMON_BLOCKS = YES;
				GCC_OPTIMIZATION_LEVEL = 0;
				GCC_PREPROCESSOR_DEFINITIONS = (
					"DEBUG=1",
					"$(inherited)",
				);
				GCC_WARN_64_TO_32_BIT_CONVERSION = YES;
				GCC_WARN_ABOUT_RETURN_TYPE = YES_ERROR;
				GCC_WARN_UNDECLARED_SELECTOR = YES;
				GCC_WARN_UNINITIALIZED_AUTOS = YES_AGGRESSIVE;
				GCC_WARN_UNUSED_FUNCTION = YES;
				GCC_WARN_UNUSED_VARIABLE = YES;
				LOCALIZATION_PREFERS_STRING_CATALOGS = YES;
				MTL_ENABLE_DEBUG_INFO = INCLUDE_SOURCE;
				MTL_FAST_MATH = YES;
				ONLY_ACTIVE_ARCH = YES;
				SWIFT_ACTIVE_COMPILATION_CONDITIONS = "DEBUG $(inherited)";
				SWIFT_OPTIMIZATION_LEVEL = "-Onone";
			};
			name = Debug;
		};
		0EE7503E2D5188E300C155FD /* Release */ = {
			isa = XCBuildConfiguration;
			buildSettings = {
				ALWAYS_SEARCH_USER_PATHS = NO;
				ASSETCATALOG_COMPILER_GENERATE_SWIFT_ASSET_SYMBOL_EXTENSIONS = YES;
				CLANG_ANALYZER_NONNULL = YES;
				CLANG_ANALYZER_NUMBER_OBJECT_CONVERSION = YES_AGGRESSIVE;
				CLANG_CXX_LANGUAGE_STANDARD = "gnu++20";
				CLANG_ENABLE_MODULES = YES;
				CLANG_ENABLE_OBJC_ARC = YES;
				CLANG_ENABLE_OBJC_WEAK = YES;
				CLANG_WARN_BLOCK_CAPTURE_AUTORELEASING = YES;
				CLANG_WARN_BOOL_CONVERSION = YES;
				CLANG_WARN_COMMA = YES;
				CLANG_WARN_CONSTANT_CONVERSION = YES;
				CLANG_WARN_DEPRECATED_OBJC_IMPLEMENTATIONS = YES;
				CLANG_WARN_DIRECT_OBJC_ISA_USAGE = YES_ERROR;
				CLANG_WARN_DOCUMENTATION_COMMENTS = YES;
				CLANG_WARN_EMPTY_BODY = YES;
				CLANG_WARN_ENUM_CONVERSION = YES;
				CLANG_WARN_INFINITE_RECURSION = YES;
				CLANG_WARN_INT_CONVERSION = YES;
				CLANG_WARN_NON_LITERAL_NULL_CONVERSION = YES;
				CLANG_WARN_OBJC_IMPLICIT_RETAIN_SELF = YES;
				CLANG_WARN_OBJC_LITERAL_CONVERSION = YES;
				CLANG_WARN_OBJC_ROOT_CLASS = YES_ERROR;
				CLANG_WARN_QUOTED_INCLUDE_IN_FRAMEWORK_HEADER = YES;
				CLANG_WARN_RANGE_LOOP_ANALYSIS = YES;
				CLANG_WARN_STRICT_PROTOTYPES = YES;
				CLANG_WARN_SUSPICIOUS_MOVE = YES;
				CLANG_WARN_UNGUARDED_AVAILABILITY = YES_AGGRESSIVE;
				CLANG_WARN_UNREACHABLE_CODE = YES;
				CLANG_WARN__DUPLICATE_METHOD_MATCH = YES;
				COPY_PHASE_STRIP = NO;
				DEBUG_INFORMATION_FORMAT = "dwarf-with-dsym";
				ENABLE_NS_ASSERTIONS = NO;
				ENABLE_STRICT_OBJC_MSGSEND = YES;
				ENABLE_USER_SCRIPT_SANDBOXING = YES;
				GCC_C_LANGUAGE_STANDARD = gnu17;
				GCC_NO_COMMON_BLOCKS = YES;
				GCC_WARN_64_TO_32_BIT_CONVERSION = YES;
				GCC_WARN_ABOUT_RETURN_TYPE = YES_ERROR;
				GCC_WARN_UNDECLARED_SELECTOR = YES;
				GCC_WARN_UNINITIALIZED_AUTOS = YES_AGGRESSIVE;
				GCC_WARN_UNUSED_FUNCTION = YES;
				GCC_WARN_UNUSED_VARIABLE = YES;
				LOCALIZATION_PREFERS_STRING_CATALOGS = YES;
				MTL_ENABLE_DEBUG_INFO = NO;
				MTL_FAST_MATH = YES;
				SWIFT_COMPILATION_MODE = wholemodule;
			};
			name = Release;
		};
		0EE750402D5188E300C155FD /* Debug */ = {
			isa = XCBuildConfiguration;
			buildSettings = {
				ASSETCATALOG_COMPILER_APPICON_NAME = AppIcon;
				ASSETCATALOG_COMPILER_GLOBAL_ACCENT_COLOR_NAME = AccentColor;
				CODE_SIGN_ENTITLEMENTS = AgiotaApp/AgiotaApp.entitlements;
				CODE_SIGN_STYLE = Automatic;
				CURRENT_PROJECT_VERSION = 1;
				DEVELOPMENT_ASSET_PATHS = "\"AgiotaApp/Preview Content\"";
				DEVELOPMENT_TEAM = BGLPVLYQQ6;
				ENABLE_HARDENED_RUNTIME = YES;
				ENABLE_PREVIEWS = YES;
				GENERATE_INFOPLIST_FILE = YES;
				"INFOPLIST_KEY_UIApplicationSceneManifest_Generation[sdk=iphoneos*]" = YES;
				"INFOPLIST_KEY_UIApplicationSceneManifest_Generation[sdk=iphonesimulator*]" = YES;
				"INFOPLIST_KEY_UIApplicationSupportsIndirectInputEvents[sdk=iphoneos*]" = YES;
				"INFOPLIST_KEY_UIApplicationSupportsIndirectInputEvents[sdk=iphonesimulator*]" = YES;
				"INFOPLIST_KEY_UILaunchScreen_Generation[sdk=iphoneos*]" = YES;
				"INFOPLIST_KEY_UILaunchScreen_Generation[sdk=iphonesimulator*]" = YES;
				"INFOPLIST_KEY_UIStatusBarStyle[sdk=iphoneos*]" = UIStatusBarStyleDefault;
				"INFOPLIST_KEY_UIStatusBarStyle[sdk=iphonesimulator*]" = UIStatusBarStyleDefault;
				INFOPLIST_KEY_UISupportedInterfaceOrientations_iPad = "UIInterfaceOrientationPortrait UIInterfaceOrientationPortraitUpsideDown UIInterfaceOrientationLandscapeLeft UIInterfaceOrientationLandscapeRight";
				INFOPLIST_KEY_UISupportedInterfaceOrientations_iPhone = "UIInterfaceOrientationPortrait UIInterfaceOrientationLandscapeLeft UIInterfaceOrientationLandscapeRight";
				IPHONEOS_DEPLOYMENT_TARGET = 17.4;
				LD_RUNPATH_SEARCH_PATHS = "@executable_path/Frameworks";
				"LD_RUNPATH_SEARCH_PATHS[sdk=macosx*]" = "@executable_path/../Frameworks";
				MACOSX_DEPLOYMENT_TARGET = 14.4;
				MARKETING_VERSION = 1.0;
				PRODUCT_BUNDLE_IDENTIFIER = bruno.marques.AgiotaApp;
				PRODUCT_NAME = "$(TARGET_NAME)";
				SDKROOT = auto;
				SUPPORTED_PLATFORMS = "iphoneos iphonesimulator macosx";
				SWIFT_EMIT_LOC_STRINGS = YES;
				SWIFT_VERSION = 5.0;
				TARGETED_DEVICE_FAMILY = "1,2";
			};
			name = Debug;
		};
		0EE750412D5188E300C155FD /* Release */ = {
			isa = XCBuildConfiguration;
			buildSettings = {
				ASSETCATALOG_COMPILER_APPICON_NAME = AppIcon;
				ASSETCATALOG_COMPILER_GLOBAL_ACCENT_COLOR_NAME = AccentColor;
				CODE_SIGN_ENTITLEMENTS = AgiotaApp/AgiotaApp.entitlements;
				CODE_SIGN_STYLE = Automatic;
				CURRENT_PROJECT_VERSION = 1;
				DEVELOPMENT_ASSET_PATHS = "\"AgiotaApp/Preview Content\"";
				DEVELOPMENT_TEAM = BGLPVLYQQ6;
				ENABLE_HARDENED_RUNTIME = YES;
				ENABLE_PREVIEWS = YES;
				GENERATE_INFOPLIST_FILE = YES;
				"INFOPLIST_KEY_UIApplicationSceneManifest_Generation[sdk=iphoneos*]" = YES;
				"INFOPLIST_KEY_UIApplicationSceneManifest_Generation[sdk=iphonesimulator*]" = YES;
				"INFOPLIST_KEY_UIApplicationSupportsIndirectInputEvents[sdk=iphoneos*]" = YES;
				"INFOPLIST_KEY_UIApplicationSupportsIndirectInputEvents[sdk=iphonesimulator*]" = YES;
				"INFOPLIST_KEY_UILaunchScreen_Generation[sdk=iphoneos*]" = YES;
				"INFOPLIST_KEY_UILaunchScreen_Generation[sdk=iphonesimulator*]" = YES;
				"INFOPLIST_KEY_UIStatusBarStyle[sdk=iphoneos*]" = UIStatusBarStyleDefault;
				"INFOPLIST_KEY_UIStatusBarStyle[sdk=iphonesimulator*]" = UIStatusBarStyleDefault;
				INFOPLIST_KEY_UISupportedInterfaceOrientations_iPad = "UIInterfaceOrientationPortrait UIInterfaceOrientationPortraitUpsideDown UIInterfaceOrientationLandscapeLeft UIInterfaceOrientationLandscapeRight";
				INFOPLIST_KEY_UISupportedInterfaceOrientations_iPhone = "UIInterfaceOrientationPortrait UIInterfaceOrientationLandscapeLeft UIInterfaceOrientationLandscapeRight";
				IPHONEOS_DEPLOYMENT_TARGET = 17.4;
				LD_RUNPATH_SEARCH_PATHS = "@executable_path/Frameworks";
				"LD_RUNPATH_SEARCH_PATHS[sdk=macosx*]" = "@executable_path/../Frameworks";
				MACOSX_DEPLOYMENT_TARGET = 14.4;
				MARKETING_VERSION = 1.0;
				PRODUCT_BUNDLE_IDENTIFIER = bruno.marques.AgiotaApp;
				PRODUCT_NAME = "$(TARGET_NAME)";
				SDKROOT = auto;
				SUPPORTED_PLATFORMS = "iphoneos iphonesimulator macosx";
				SWIFT_EMIT_LOC_STRINGS = YES;
				SWIFT_VERSION = 5.0;
				TARGETED_DEVICE_FAMILY = "1,2";
			};
			name = Release;
		};
/* End XCBuildConfiguration section */

/* Begin XCConfigurationList section */
		0EE7502B2D5188E200C155FD /* Build configuration list for PBXProject "AgiotaApp" */ = {
			isa = XCConfigurationList;
			buildConfigurations = (
				0EE7503D2D5188E300C155FD /* Debug */,
				0EE7503E2D5188E300C155FD /* Release */,
			);
			defaultConfigurationIsVisible = 0;
			defaultConfigurationName = Release;
		};
		0EE7503F2D5188E300C155FD /* Build configuration list for PBXNativeTarget "AgiotaApp" */ = {
			isa = XCConfigurationList;
			buildConfigurations = (
				0EE750402D5188E300C155FD /* Debug */,
				0EE750412D5188E300C155FD /* Release */,
			);
			defaultConfigurationIsVisible = 0;
			defaultConfigurationName = Release;
		};
/* End XCConfigurationList section */
	};
	rootObject = 0EE750282D5188E200C155FD /* Project object */;
}
